
Microsoft Visual Studio Solution File, Format Version 12.00
# Visual Studio Version 16
VisualStudioVersion = 16.0.32802.440
MinimumVisualStudioVersion = 10.0.40219.1
Project("{FAE04EC0-301F-11D3-BF4B-00C04F79EFBC}") = "Funcionarios", "Funcionarios.csproj", "{61F6193D-99F3-4FF0-8AE8-EFE26C0E32BB}"
EndProject
Global
	GlobalSection(SolutionConfigurationPlatforms) = preSolution
		Debug|Any CPU = Debug|Any CPU
		Release|Any CPU = Release|Any CPU
	EndGlobalSection
	GlobalSection(ProjectConfigurationPlatforms) = postSolution
		{61F6193D-99F3-4FF0-8AE8-EFE26C0E32BB}.Debug|Any CPU.ActiveCfg = Debug|Any CPU
		{61F6193D-99F3-4FF0-8AE8-EFE26C0E32BB}.Debug|Any CPU.Build.0 = Debug|Any CPU
		{61F6193D-99F3-4FF0-8AE8-EFE26C0E32BB}.Release|Any CPU.ActiveCfg = Release|Any CPU
		{61F6193D-99F3-4FF0-8AE8-EFE26C0E32BB}.Release|Any CPU.Build.0 = Release|Any CPU
	EndGlobalSection
	GlobalSection(SolutionProperties) = preSolution
		HideSolutionNode = FALSE
	EndGlobalSection
	GlobalSection(ExtensibilityGlobals) = postSolution
		SolutionGuid = {0925AB5C-2EAE-4A73-A06D-2351F2CAB8D1}
	EndGlobalSection
EndGlobal
